// !$*UTF8*$!
{
	archiveVersion = 1;
	classes = {
	};
	objectVersion = 77;
	objects = {

/* Begin PBXBuildFile section */
		44DD27602D80AC4A00723E61 /* UniformTypeIdentifiers.framework in Frameworks */ = {isa = PBXBuildFile; fileRef = 44DD275F2D80AC4A00723E61 /* UniformTypeIdentifiers.framework */; };
		44DD276C2D80AC4A00723E61 /* signwphantom.appex in Embed Foundation Extensions */ = {isa = PBXBuildFile; fileRef = 44DD275D2D80AC4A00723E61 /* signwphantom.appex */; settings = {ATTRIBUTES = (RemoveHeadersOnCopy, ); }; };
/* End PBXBuildFile section */

/* Begin PBXContainerItemProxy section */
		44DD273D2D80997200723E61 /* PBXContainerItemProxy */ = {
			isa = PBXContainerItemProxy;
			containerPortal = 44DD27232D80997100723E61 /* Project object */;
			proxyType = 1;
			remoteGlobalIDString = 44DD272A2D80997100723E61;
			remoteInfo = napasapp2;
		};
		44DD27472D80997200723E61 /* PBXContainerItemProxy */ = {
			isa = PBXContainerItemProxy;
			containerPortal = 44DD27232D80997100723E61 /* Project object */;
			proxyType = 1;
			remoteGlobalIDString = 44DD272A2D80997100723E61;
			remoteInfo = napasapp2;
		};
		44DD276A2D80AC4A00723E61 /* PBXContainerItemProxy */ = {
			isa = PBXContainerItemProxy;
			containerPortal = 44DD27232D80997100723E61 /* Project object */;
			proxyType = 1;
			remoteGlobalIDString = 44DD275C2D80AC4A00723E61;
			remoteInfo = signwphantom;
		};
/* End PBXContainerItemProxy section */

/* Begin PBXCopyFilesBuildPhase section */
		44DD27712D80AC4A00723E61 /* Embed Foundation Extensions */ = {
			isa = PBXCopyFilesBuildPhase;
			buildActionMask = 2147483647;
			dstPath = "";
			dstSubfolderSpec = 13;
			files = (
				44DD276C2D80AC4A00723E61 /* signwphantom.appex in Embed Foundation Extensions */,
			);
			name = "Embed Foundation Extensions";
			runOnlyForDeploymentPostprocessing = 0;
		};
/* End PBXCopyFilesBuildPhase section */

/* Begin PBXFileReference section */
		44DD272B2D80997100723E61 /* napasapp2.app */ = {isa = PBXFileReference; explicitFileType = wrapper.application; includeInIndex = 0; path = napasapp2.app; sourceTree = BUILT_PRODUCTS_DIR; };
		44DD273C2D80997200723E61 /* napasapp2Tests.xctest */ = {isa = PBXFileReference; explicitFileType = wrapper.cfbundle; includeInIndex = 0; path = napasapp2Tests.xctest; sourceTree = BUILT_PRODUCTS_DIR; };
		44DD27462D80997200723E61 /* napasapp2UITests.xctest */ = {isa = PBXFileReference; explicitFileType = wrapper.cfbundle; includeInIndex = 0; path = napasapp2UITests.xctest; sourceTree = BUILT_PRODUCTS_DIR; };
		44DD275D2D80AC4A00723E61 /* signwphantom.appex */ = {isa = PBXFileReference; explicitFileType = "wrapper.app-extension"; includeInIndex = 0; path = signwphantom.appex; sourceTree = BUILT_PRODUCTS_DIR; };
		44DD275F2D80AC4A00723E61 /* UniformTypeIdentifiers.framework */ = {isa = PBXFileReference; lastKnownFileType = wrapper.framework; name = UniformTypeIdentifiers.framework; path = System/Library/Frameworks/UniformTypeIdentifiers.framework; sourceTree = SDKROOT; };
/* End PBXFileReference section */

/* Begin PBXFileSystemSynchronizedBuildFileExceptionSet section */
		44DD276D2D80AC4A00723E61 /* Exceptions for "signwphantom" folder in "signwphantom" target */ = {
			isa = PBXFileSystemSynchronizedBuildFileExceptionSet;
			membershipExceptions = (
				Info.plist,
			);
			target = 44DD275C2D80AC4A00723E61 /* signwphantom */;
		};
/* End PBXFileSystemSynchronizedBuildFileExceptionSet section */

/* Begin PBXFileSystemSynchronizedRootGroup section */
		44DD272D2D80997100723E61 /* napasapp2 */ = {
			isa = PBXFileSystemSynchronizedRootGroup;
			path = napasapp2;
			sourceTree = "<group>";
		};
		44DD273F2D80997200723E61 /* napasapp2Tests */ = {
			isa = PBXFileSystemSynchronizedRootGroup;
			path = napasapp2Tests;
			sourceTree = "<group>";
		};
		44DD27492D80997200723E61 /* napasapp2UITests */ = {
			isa = PBXFileSystemSynchronizedRootGroup;
			path = napasapp2UITests;
			sourceTree = "<group>";
		};
		44DD27612D80AC4A00723E61 /* signwphantom */ = {
			isa = PBXFileSystemSynchronizedRootGroup;
			exceptions = (
				44DD276D2D80AC4A00723E61 /* Exceptions for "signwphantom" folder in "signwphantom" target */,
			);
			path = signwphantom;
			sourceTree = "<group>";
		};
/* End PBXFileSystemSynchronizedRootGroup section */

/* Begin PBXFrameworksBuildPhase section */
		44DD27282D80997100723E61 /* Frameworks */ = {
			isa = PBXFrameworksBuildPhase;
			buildActionMask = 2147483647;
			files = (
			);
			runOnlyForDeploymentPostprocessing = 0;
		};
		44DD27392D80997200723E61 /* Frameworks */ = {
			isa = PBXFrameworksBuildPhase;
			buildActionMask = 2147483647;
			files = (
			);
			runOnlyForDeploymentPostprocessing = 0;
		};
		44DD27432D80997200723E61 /* Frameworks */ = {
			isa = PBXFrameworksBuildPhase;
			buildActionMask = 2147483647;
			files = (
			);
			runOnlyForDeploymentPostprocessing = 0;
		};
		44DD275A2D80AC4A00723E61 /* Frameworks */ = {
			isa = PBXFrameworksBuildPhase;
			buildActionMask = 2147483647;
			files = (
				44DD27602D80AC4A00723E61 /* UniformTypeIdentifiers.framework in Frameworks */,
			);
			runOnlyForDeploymentPostprocessing = 0;
		};
/* End PBXFrameworksBuildPhase section */

/* Begin PBXGroup section */
		44DD27222D80997100723E61 = {
			isa = PBXGroup;
			children = (
				44DD272D2D80997100723E61 /* napasapp2 */,
				44DD273F2D80997200723E61 /* napasapp2Tests */,
				44DD27492D80997200723E61 /* napasapp2UITests */,
				44DD27612D80AC4A00723E61 /* signwphantom */,
				44DD275E2D80AC4A00723E61 /* Frameworks */,
				44DD272C2D80997100723E61 /* Products */,
			);
			sourceTree = "<group>";
		};
		44DD272C2D80997100723E61 /* Products */ = {
			isa = PBXGroup;
			children = (
				44DD272B2D80997100723E61 /* napasapp2.app */,
				44DD273C2D80997200723E61 /* napasapp2Tests.xctest */,
				44DD27462D80997200723E61 /* napasapp2UITests.xctest */,
				44DD275D2D80AC4A00723E61 /* signwphantom.appex */,
			);
			name = Products;
			sourceTree = "<group>";
		};
		44DD275E2D80AC4A00723E61 /* Frameworks */ = {
			isa = PBXGroup;
			children = (
				44DD275F2D80AC4A00723E61 /* UniformTypeIdentifiers.framework */,
			);
			name = Frameworks;
			sourceTree = "<group>";
		};
/* End PBXGroup section */

/* Begin PBXNativeTarget section */
		44DD272A2D80997100723E61 /* napasapp2 */ = {
			isa = PBXNativeTarget;
			buildConfigurationList = 44DD27502D80997200723E61 /* Build configuration list for PBXNativeTarget "napasapp2" */;
			buildPhases = (
				44DD27272D80997100723E61 /* Sources */,
				44DD27282D80997100723E61 /* Frameworks */,
				44DD27292D80997100723E61 /* Resources */,
				44DD27712D80AC4A00723E61 /* Embed Foundation Extensions */,
			);
			buildRules = (
			);
			dependencies = (
				44DD276B2D80AC4A00723E61 /* PBXTargetDependency */,
			);
			fileSystemSynchronizedGroups = (
				44DD272D2D80997100723E61 /* napasapp2 */,
			);
			name = napasapp2;
			packageProductDependencies = (
			);
			productName = napasapp2;
			productReference = 44DD272B2D80997100723E61 /* napasapp2.app */;
			productType = "com.apple.product-type.application";
		};
		44DD273B2D80997200723E61 /* napasapp2Tests */ = {
			isa = PBXNativeTarget;
			buildConfigurationList = 44DD27532D80997200723E61 /* Build configuration list for PBXNativeTarget "napasapp2Tests" */;
			buildPhases = (
				44DD27382D80997200723E61 /* Sources */,
				44DD27392D80997200723E61 /* Frameworks */,
				44DD273A2D80997200723E61 /* Resources */,
			);
			buildRules = (
			);
			dependencies = (
				44DD273E2D80997200723E61 /* PBXTargetDependency */,
			);
			fileSystemSynchronizedGroups = (
				44DD273F2D80997200723E61 /* napasapp2Tests */,
			);
			name = napasapp2Tests;
			packageProductDependencies = (
			);
			productName = napasapp2Tests;
			productReference = 44DD273C2D80997200723E61 /* napasapp2Tests.xctest */;
			productType = "com.apple.product-type.bundle.unit-test";
		};
		44DD27452D80997200723E61 /* napasapp2UITests */ = {
			isa = PBXNativeTarget;
			buildConfigurationList = 44DD27562D80997200723E61 /* Build configuration list for PBXNativeTarget "napasapp2UITests" */;
			buildPhases = (
				44DD27422D80997200723E61 /* Sources */,
				44DD27432D80997200723E61 /* Frameworks */,
				44DD27442D80997200723E61 /* Resources */,
			);
			buildRules = (
			);
			dependencies = (
				44DD27482D80997200723E61 /* PBXTargetDependency */,
			);
			fileSystemSynchronizedGroups = (
				44DD27492D80997200723E61 /* napasapp2UITests */,
			);
			name = napasapp2UITests;
			packageProductDependencies = (
			);
			productName = napasapp2UITests;
			productReference = 44DD27462D80997200723E61 /* napasapp2UITests.xctest */;
			productType = "com.apple.product-type.bundle.ui-testing";
		};
		44DD275C2D80AC4A00723E61 /* signwphantom */ = {
			isa = PBXNativeTarget;
			buildConfigurationList = 44DD276E2D80AC4A00723E61 /* Build configuration list for PBXNativeTarget "signwphantom" */;
			buildPhases = (
				44DD27592D80AC4A00723E61 /* Sources */,
				44DD275A2D80AC4A00723E61 /* Frameworks */,
				44DD275B2D80AC4A00723E61 /* Resources */,
			);
			buildRules = (
			);
			dependencies = (
			);
			fileSystemSynchronizedGroups = (
				44DD27612D80AC4A00723E61 /* signwphantom */,
			);
			name = signwphantom;
			packageProductDependencies = (
			);
			productName = signwphantom;
			productReference = 44DD275D2D80AC4A00723E61 /* signwphantom.appex */;
			productType = "com.apple.product-type.app-extension";
		};
/* End PBXNativeTarget section */

/* Begin PBXProject section */
		44DD27232D80997100723E61 /* Project object */ = {
			isa = PBXProject;
			attributes = {
				BuildIndependentTargetsInParallel = 1;
				LastSwiftUpdateCheck = 1620;
				LastUpgradeCheck = 1620;
				TargetAttributes = {
					44DD272A2D80997100723E61 = {
						CreatedOnToolsVersion = 16.2;
					};
					44DD273B2D80997200723E61 = {
						CreatedOnToolsVersion = 16.2;
						TestTargetID = 44DD272A2D80997100723E61;
					};
					44DD27452D80997200723E61 = {
						CreatedOnToolsVersion = 16.2;
						TestTargetID = 44DD272A2D80997100723E61;
					};
					44DD275C2D80AC4A00723E61 = {
						CreatedOnToolsVersion = 16.2;
					};
				};
			};
			buildConfigurationList = 44DD27262D80997100723E61 /* Build configuration list for PBXProject "napasapp2" */;
			developmentRegion = en;
			hasScannedForEncodings = 0;
			knownRegions = (
				en,
				Base,
			);
			mainGroup = 44DD27222D80997100723E61;
			minimizedProjectReferenceProxies = 1;
			preferredProjectObjectVersion = 77;
			productRefGroup = 44DD272C2D80997100723E61 /* Products */;
			projectDirPath = "";
			projectRoot = "";
			targets = (
				44DD272A2D80997100723E61 /* napasapp2 */,
				44DD273B2D80997200723E61 /* napasapp2Tests */,
				44DD27452D80997200723E61 /* napasapp2UITests */,
				44DD275C2D80AC4A00723E61 /* signwphantom */,
			);
		};
/* End PBXProject section */

/* Begin PBXResourcesBuildPhase section */
		44DD27292D80997100723E61 /* Resources */ = {
			isa = PBXResourcesBuildPhase;
			buildActionMask = 2147483647;
			files = (
			);
			runOnlyForDeploymentPostprocessing = 0;
		};
		44DD273A2D80997200723E61 /* Resources */ = {
			isa = PBXResourcesBuildPhase;
			buildActionMask = 2147483647;
			files = (
			);
			runOnlyForDeploymentPostprocessing = 0;
		};
		44DD27442D80997200723E61 /* Resources */ = {
			isa = PBXResourcesBuildPhase;
			buildActionMask = 2147483647;
			files = (
			);
			runOnlyForDeploymentPostprocessing = 0;
		};
		44DD275B2D80AC4A00723E61 /* Resources */ = {
			isa = PBXResourcesBuildPhase;
			buildActionMask = 2147483647;
			files = (
			);
			runOnlyForDeploymentPostprocessing = 0;
		};
/* End PBXResourcesBuildPhase section */

/* Begin PBXSourcesBuildPhase section */
		44DD27272D80997100723E61 /* Sources */ = {
			isa = PBXSourcesBuildPhase;
			buildActionMask = 2147483647;
			files = (
			);
			runOnlyForDeploymentPostprocessing = 0;
		};
		44DD27382D80997200723E61 /* Sources */ = {
			isa = PBXSourcesBuildPhase;
			buildActionMask = 2147483647;
			files = (
			);
			runOnlyForDeploymentPostprocessing = 0;
		};
		44DD27422D80997200723E61 /* Sources */ = {
			isa = PBXSourcesBuildPhase;
			buildActionMask = 2147483647;
			files = (
			);
			runOnlyForDeploymentPostprocessing = 0;
		};
		44DD27592D80AC4A00723E61 /* Sources */ = {
			isa = PBXSourcesBuildPhase;
			buildActionMask = 2147483647;
			files = (
			);
			runOnlyForDeploymentPostprocessing = 0;
		};
/* End PBXSourcesBuildPhase section */

/* Begin PBXTargetDependency section */
		44DD273E2D80997200723E61 /* PBXTargetDependency */ = {
			isa = PBXTargetDependency;
			target = 44DD272A2D80997100723E61 /* napasapp2 */;
			targetProxy = 44DD273D2D80997200723E61 /* PBXContainerItemProxy */;
		};
		44DD27482D80997200723E61 /* PBXTargetDependency */ = {
			isa = PBXTargetDependency;
			target = 44DD272A2D80997100723E61 /* napasapp2 */;
			targetProxy = 44DD27472D80997200723E61 /* PBXContainerItemProxy */;
		};
		44DD276B2D80AC4A00723E61 /* PBXTargetDependency */ = {
			isa = PBXTargetDependency;
			target = 44DD275C2D80AC4A00723E61 /* signwphantom */;
			targetProxy = 44DD276A2D80AC4A00723E61 /* PBXContainerItemProxy */;
		};
/* End PBXTargetDependency section */

/* Begin XCBuildConfiguration section */
		44DD274E2D80997200723E61 /* Debug */ = {
			isa = XCBuildConfiguration;
			buildSettings = {
				ALWAYS_SEARCH_USER_PATHS = NO;
				ASSETCATALOG_COMPILER_GENERATE_SWIFT_ASSET_SYMBOL_EXTENSIONS = YES;
				CLANG_ANALYZER_NONNULL = YES;
				CLANG_ANALYZER_NUMBER_OBJECT_CONVERSION = YES_AGGRESSIVE;
				CLANG_CXX_LANGUAGE_STANDARD = "gnu++20";
				CLANG_ENABLE_MODULES = YES;
				CLANG_ENABLE_OBJC_ARC = YES;
				CLANG_ENABLE_OBJC_WEAK = YES;
				CLANG_WARN_BLOCK_CAPTURE_AUTORELEASING = YES;
				CLANG_WARN_BOOL_CONVERSION = YES;
				CLANG_WARN_COMMA = YES;
				CLANG_WARN_CONSTANT_CONVERSION = YES;
				CLANG_WARN_DEPRECATED_OBJC_IMPLEMENTATIONS = YES;
				CLANG_WARN_DIRECT_OBJC_ISA_USAGE = YES_ERROR;
				CLANG_WARN_DOCUMENTATION_COMMENTS = YES;
				CLANG_WARN_EMPTY_BODY = YES;
				CLANG_WARN_ENUM_CONVERSION = YES;
				CLANG_WARN_INFINITE_RECURSION = YES;
				CLANG_WARN_INT_CONVERSION = YES;
				CLANG_WARN_NON_LITERAL_NULL_CONVERSION = YES;
				CLANG_WARN_OBJC_IMPLICIT_RETAIN_SELF = YES;
				CLANG_WARN_OBJC_LITERAL_CONVERSION = YES;
				CLANG_WARN_OBJC_ROOT_CLASS = YES_ERROR;
				CLANG_WARN_QUOTED_INCLUDE_IN_FRAMEWORK_HEADER = YES;
				CLANG_WARN_RANGE_LOOP_ANALYSIS = YES;
				CLANG_WARN_STRICT_PROTOTYPES = YES;
				CLANG_WARN_SUSPICIOUS_MOVE = YES;
				CLANG_WARN_UNGUARDED_AVAILABILITY = YES_AGGRESSIVE;
				CLANG_WARN_UNREACHABLE_CODE = YES;
				CLANG_WARN__DUPLICATE_METHOD_MATCH = YES;
				COPY_PHASE_STRIP = NO;
				DEBUG_INFORMATION_FORMAT = dwarf;
				ENABLE_STRICT_OBJC_MSGSEND = YES;
				ENABLE_TESTABILITY = YES;
				ENABLE_USER_SCRIPT_SANDBOXING = YES;
				GCC_C_LANGUAGE_STANDARD = gnu17;
				GCC_DYNAMIC_NO_PIC = NO;
				GCC_NO_COMMON_BLOCKS = YES;
				GCC_OPTIMIZATION_LEVEL = 0;
				GCC_PREPROCESSOR_DEFINITIONS = (
					"DEBUG=1",
					"$(inherited)",
				);
				GCC_WARN_64_TO_32_BIT_CONVERSION = YES;
				GCC_WARN_ABOUT_RETURN_TYPE = YES_ERROR;
				GCC_WARN_UNDECLARED_SELECTOR = YES;
				GCC_WARN_UNINITIALIZED_AUTOS = YES_AGGRESSIVE;
				GCC_WARN_UNUSED_FUNCTION = YES;
				GCC_WARN_UNUSED_VARIABLE = YES;
				LOCALIZATION_PREFERS_STRING_CATALOGS = YES;
				MTL_ENABLE_DEBUG_INFO = INCLUDE_SOURCE;
				MTL_FAST_MATH = YES;
				ONLY_ACTIVE_ARCH = YES;
				SWIFT_ACTIVE_COMPILATION_CONDITIONS = "DEBUG $(inherited)";
				SWIFT_OPTIMIZATION_LEVEL = "-Onone";
			};
			name = Debug;
		};
		44DD274F2D80997200723E61 /* Release */ = {
			isa = XCBuildConfiguration;
			buildSettings = {
				ALWAYS_SEARCH_USER_PATHS = NO;
				ASSETCATALOG_COMPILER_GENERATE_SWIFT_ASSET_SYMBOL_EXTENSIONS = YES;
				CLANG_ANALYZER_NONNULL = YES;
				CLANG_ANALYZER_NUMBER_OBJECT_CONVERSION = YES_AGGRESSIVE;
				CLANG_CXX_LANGUAGE_STANDARD = "gnu++20";
				CLANG_ENABLE_MODULES = YES;
				CLANG_ENABLE_OBJC_ARC = YES;
				CLANG_ENABLE_OBJC_WEAK = YES;
				CLANG_WARN_BLOCK_CAPTURE_AUTORELEASING = YES;
				CLANG_WARN_BOOL_CONVERSION = YES;
				CLANG_WARN_COMMA = YES;
				CLANG_WARN_CONSTANT_CONVERSION = YES;
				CLANG_WARN_DEPRECATED_OBJC_IMPLEMENTATIONS = YES;
				CLANG_WARN_DIRECT_OBJC_ISA_USAGE = YES_ERROR;
				CLANG_WARN_DOCUMENTATION_COMMENTS = YES;
				CLANG_WARN_EMPTY_BODY = YES;
				CLANG_WARN_ENUM_CONVERSION = YES;
				CLANG_WARN_INFINITE_RECURSION = YES;
				CLANG_WARN_INT_CONVERSION = YES;
				CLANG_WARN_NON_LITERAL_NULL_CONVERSION = YES;
				CLANG_WARN_OBJC_IMPLICIT_RETAIN_SELF = YES;
				CLANG_WARN_OBJC_LITERAL_CONVERSION = YES;
				CLANG_WARN_OBJC_ROOT_CLASS = YES_ERROR;
				CLANG_WARN_QUOTED_INCLUDE_IN_FRAMEWORK_HEADER = YES;
				CLANG_WARN_RANGE_LOOP_ANALYSIS = YES;
				CLANG_WARN_STRICT_PROTOTYPES = YES;
				CLANG_WARN_SUSPICIOUS_MOVE = YES;
				CLANG_WARN_UNGUARDED_AVAILABILITY = YES_AGGRESSIVE;
				CLANG_WARN_UNREACHABLE_CODE = YES;
				CLANG_WARN__DUPLICATE_METHOD_MATCH = YES;
				COPY_PHASE_STRIP = NO;
				DEBUG_INFORMATION_FORMAT = "dwarf-with-dsym";
				ENABLE_NS_ASSERTIONS = NO;
				ENABLE_STRICT_OBJC_MSGSEND = YES;
				ENABLE_USER_SCRIPT_SANDBOXING = YES;
				GCC_C_LANGUAGE_STANDARD = gnu17;
				GCC_NO_COMMON_BLOCKS = YES;
				GCC_WARN_64_TO_32_BIT_CONVERSION = YES;
				GCC_WARN_ABOUT_RETURN_TYPE = YES_ERROR;
				GCC_WARN_UNDECLARED_SELECTOR = YES;
				GCC_WARN_UNINITIALIZED_AUTOS = YES_AGGRESSIVE;
				GCC_WARN_UNUSED_FUNCTION = YES;
				GCC_WARN_UNUSED_VARIABLE = YES;
				LOCALIZATION_PREFERS_STRING_CATALOGS = YES;
				MTL_ENABLE_DEBUG_INFO = NO;
				MTL_FAST_MATH = YES;
				SWIFT_COMPILATION_MODE = wholemodule;
			};
			name = Release;
		};
		44DD27512D80997200723E61 /* Debug */ = {
			isa = XCBuildConfiguration;
			buildSettings = {
				ASSETCATALOG_COMPILER_APPICON_NAME = AppIcon;
				ASSETCATALOG_COMPILER_GLOBAL_ACCENT_COLOR_NAME = AccentColor;
				CODE_SIGN_ENTITLEMENTS = napasapp2/napasapp2.entitlements;
				CODE_SIGN_STYLE = Automatic;
				CURRENT_PROJECT_VERSION = 1;
				DEVELOPMENT_ASSET_PATHS = "\"napasapp2/Preview Content\"";
				DEVELOPMENT_TEAM = 8BAG94S3TP;
				ENABLE_HARDENED_RUNTIME = YES;
				ENABLE_PREVIEWS = YES;
				GENERATE_INFOPLIST_FILE = YES;
				"INFOPLIST_KEY_UIApplicationSceneManifest_Generation[sdk=iphoneos*]" = YES;
				"INFOPLIST_KEY_UIApplicationSceneManifest_Generation[sdk=iphonesimulator*]" = YES;
				"INFOPLIST_KEY_UIApplicationSupportsIndirectInputEvents[sdk=iphoneos*]" = YES;
				"INFOPLIST_KEY_UIApplicationSupportsIndirectInputEvents[sdk=iphonesimulator*]" = YES;
				"INFOPLIST_KEY_UILaunchScreen_Generation[sdk=iphoneos*]" = YES;
				"INFOPLIST_KEY_UILaunchScreen_Generation[sdk=iphonesimulator*]" = YES;
				"INFOPLIST_KEY_UIStatusBarStyle[sdk=iphoneos*]" = UIStatusBarStyleDefault;
				"INFOPLIST_KEY_UIStatusBarStyle[sdk=iphonesimulator*]" = UIStatusBarStyleDefault;
				INFOPLIST_KEY_UISupportedInterfaceOrientations_iPad = "UIInterfaceOrientationPortrait UIInterfaceOrientationPortraitUpsideDown UIInterfaceOrientationLandscapeLeft UIInterfaceOrientationLandscapeRight";
				INFOPLIST_KEY_UISupportedInterfaceOrientations_iPhone = "UIInterfaceOrientationPortrait UIInterfaceOrientationLandscapeLeft UIInterfaceOrientationLandscapeRight";
				IPHONEOS_DEPLOYMENT_TARGET = 18.2;
				LD_RUNPATH_SEARCH_PATHS = "@executable_path/Frameworks";
				"LD_RUNPATH_SEARCH_PATHS[sdk=macosx*]" = "@executable_path/../Frameworks";
				MACOSX_DEPLOYMENT_TARGET = 15.2;
				MARKETING_VERSION = 1.0;
				PRODUCT_BUNDLE_IDENTIFIER = com.napas.napasapp2;
				PRODUCT_NAME = "$(TARGET_NAME)";
				SDKROOT = auto;
				SUPPORTED_PLATFORMS = "iphoneos iphonesimulator macosx xros xrsimulator";
				SWIFT_EMIT_LOC_STRINGS = YES;
				SWIFT_VERSION = 5.0;
				TARGETED_DEVICE_FAMILY = "1,2,7";
				XROS_DEPLOYMENT_TARGET = 2.2;
			};
			name = Debug;
		};
		44DD27522D80997200723E61 /* Release */ = {
			isa = XCBuildConfiguration;
			buildSettings = {
				ASSETCATALOG_COMPILER_APPICON_NAME = AppIcon;
				ASSETCATALOG_COMPILER_GLOBAL_ACCENT_COLOR_NAME = AccentColor;
				CODE_SIGN_ENTITLEMENTS = napasapp2/napasapp2.entitlements;
				CODE_SIGN_STYLE = Automatic;
				CURRENT_PROJECT_VERSION = 1;
				DEVELOPMENT_ASSET_PATHS = "\"napasapp2/Preview Content\"";
				DEVELOPMENT_TEAM = 8BAG94S3TP;
				ENABLE_HARDENED_RUNTIME = YES;
				ENABLE_PREVIEWS = YES;
				GENERATE_INFOPLIST_FILE = YES;
				"INFOPLIST_KEY_UIApplicationSceneManifest_Generation[sdk=iphoneos*]" = YES;
				"INFOPLIST_KEY_UIApplicationSceneManifest_Generation[sdk=iphonesimulator*]" = YES;
				"INFOPLIST_KEY_UIApplicationSupportsIndirectInputEvents[sdk=iphoneos*]" = YES;
				"INFOPLIST_KEY_UIApplicationSupportsIndirectInputEvents[sdk=iphonesimulator*]" = YES;
				"INFOPLIST_KEY_UILaunchScreen_Generation[sdk=iphoneos*]" = YES;
				"INFOPLIST_KEY_UILaunchScreen_Generation[sdk=iphonesimulator*]" = YES;
				"INFOPLIST_KEY_UIStatusBarStyle[sdk=iphoneos*]" = UIStatusBarStyleDefault;
				"INFOPLIST_KEY_UIStatusBarStyle[sdk=iphonesimulator*]" = UIStatusBarStyleDefault;
				INFOPLIST_KEY_UISupportedInterfaceOrientations_iPad = "UIInterfaceOrientationPortrait UIInterfaceOrientationPortraitUpsideDown UIInterfaceOrientationLandscapeLeft UIInterfaceOrientationLandscapeRight";
				INFOPLIST_KEY_UISupportedInterfaceOrientations_iPhone = "UIInterfaceOrientationPortrait UIInterfaceOrientationLandscapeLeft UIInterfaceOrientationLandscapeRight";
				IPHONEOS_DEPLOYMENT_TARGET = 18.2;
				LD_RUNPATH_SEARCH_PATHS = "@executable_path/Frameworks";
				"LD_RUNPATH_SEARCH_PATHS[sdk=macosx*]" = "@executable_path/../Frameworks";
				MACOSX_DEPLOYMENT_TARGET = 15.2;
				MARKETING_VERSION = 1.0;
				PRODUCT_BUNDLE_IDENTIFIER = com.napas.napasapp2;
				PRODUCT_NAME = "$(TARGET_NAME)";
				SDKROOT = auto;
				SUPPORTED_PLATFORMS = "iphoneos iphonesimulator macosx xros xrsimulator";
				SWIFT_EMIT_LOC_STRINGS = YES;
				SWIFT_VERSION = 5.0;
				TARGETED_DEVICE_FAMILY = "1,2,7";
				XROS_DEPLOYMENT_TARGET = 2.2;
			};
			name = Release;
		};
		44DD27542D80997200723E61 /* Debug */ = {
			isa = XCBuildConfiguration;
			buildSettings = {
				BUNDLE_LOADER = "$(TEST_HOST)";
				CODE_SIGN_STYLE = Automatic;
				CURRENT_PROJECT_VERSION = 1;
				DEVELOPMENT_TEAM = 8BAG94S3TP;
				GENERATE_INFOPLIST_FILE = YES;
				IPHONEOS_DEPLOYMENT_TARGET = 18.2;
				MACOSX_DEPLOYMENT_TARGET = 15.2;
				MARKETING_VERSION = 1.0;
				PRODUCT_BUNDLE_IDENTIFIER = com.napas.napasapp2Tests;
				PRODUCT_NAME = "$(TARGET_NAME)";
				SDKROOT = auto;
				SUPPORTED_PLATFORMS = "iphoneos iphonesimulator macosx xros xrsimulator";
				SWIFT_EMIT_LOC_STRINGS = NO;
				SWIFT_VERSION = 5.0;
				TARGETED_DEVICE_FAMILY = "1,2,7";
				TEST_HOST = "$(BUILT_PRODUCTS_DIR)/napasapp2.app/$(BUNDLE_EXECUTABLE_FOLDER_PATH)/napasapp2";
				XROS_DEPLOYMENT_TARGET = 2.2;
			};
			name = Debug;
		};
		44DD27552D80997200723E61 /* Release */ = {
			isa = XCBuildConfiguration;
			buildSettings = {
				BUNDLE_LOADER = "$(TEST_HOST)";
				CODE_SIGN_STYLE = Automatic;
				CURRENT_PROJECT_VERSION = 1;
				DEVELOPMENT_TEAM = 8BAG94S3TP;
				GENERATE_INFOPLIST_FILE = YES;
				IPHONEOS_DEPLOYMENT_TARGET = 18.2;
				MACOSX_DEPLOYMENT_TARGET = 15.2;
				MARKETING_VERSION = 1.0;
				PRODUCT_BUNDLE_IDENTIFIER = com.napas.napasapp2Tests;
				PRODUCT_NAME = "$(TARGET_NAME)";
				SDKROOT = auto;
				SUPPORTED_PLATFORMS = "iphoneos iphonesimulator macosx xros xrsimulator";
				SWIFT_EMIT_LOC_STRINGS = NO;
				SWIFT_VERSION = 5.0;
				TARGETED_DEVICE_FAMILY = "1,2,7";
				TEST_HOST = "$(BUILT_PRODUCTS_DIR)/napasapp2.app/$(BUNDLE_EXECUTABLE_FOLDER_PATH)/napasapp2";
				XROS_DEPLOYMENT_TARGET = 2.2;
			};
			name = Release;
		};
		44DD27572D80997200723E61 /* Debug */ = {
			isa = XCBuildConfiguration;
			buildSettings = {
				CODE_SIGN_STYLE = Automatic;
				CURRENT_PROJECT_VERSION = 1;
				DEVELOPMENT_TEAM = 8BAG94S3TP;
				GENERATE_INFOPLIST_FILE = YES;
				IPHONEOS_DEPLOYMENT_TARGET = 18.2;
				MACOSX_DEPLOYMENT_TARGET = 15.2;
				MARKETING_VERSION = 1.0;
				PRODUCT_BUNDLE_IDENTIFIER = com.napas.napasapp2UITests;
				PRODUCT_NAME = "$(TARGET_NAME)";
				SDKROOT = auto;
				SUPPORTED_PLATFORMS = "iphoneos iphonesimulator macosx xros xrsimulator";
				SWIFT_EMIT_LOC_STRINGS = NO;
				SWIFT_VERSION = 5.0;
				TARGETED_DEVICE_FAMILY = "1,2,7";
				TEST_TARGET_NAME = napasapp2;
				XROS_DEPLOYMENT_TARGET = 2.2;
			};
			name = Debug;
		};
		44DD27582D80997200723E61 /* Release */ = {
			isa = XCBuildConfiguration;
			buildSettings = {
				CODE_SIGN_STYLE = Automatic;
				CURRENT_PROJECT_VERSION = 1;
				DEVELOPMENT_TEAM = 8BAG94S3TP;
				GENERATE_INFOPLIST_FILE = YES;
				IPHONEOS_DEPLOYMENT_TARGET = 18.2;
				MACOSX_DEPLOYMENT_TARGET = 15.2;
				MARKETING_VERSION = 1.0;
				PRODUCT_BUNDLE_IDENTIFIER = com.napas.napasapp2UITests;
				PRODUCT_NAME = "$(TARGET_NAME)";
				SDKROOT = auto;
				SUPPORTED_PLATFORMS = "iphoneos iphonesimulator macosx xros xrsimulator";
				SWIFT_EMIT_LOC_STRINGS = NO;
				SWIFT_VERSION = 5.0;
				TARGETED_DEVICE_FAMILY = "1,2,7";
				TEST_TARGET_NAME = napasapp2;
				XROS_DEPLOYMENT_TARGET = 2.2;
			};
			name = Release;
		};
		44DD276F2D80AC4A00723E61 /* Debug */ = {
			isa = XCBuildConfiguration;
			buildSettings = {
				CODE_SIGN_STYLE = Automatic;
				CURRENT_PROJECT_VERSION = 1;
				DEVELOPMENT_TEAM = 8BAG94S3TP;
				GENERATE_INFOPLIST_FILE = YES;
				INFOPLIST_FILE = signwphantom/Info.plist;
				INFOPLIST_KEY_CFBundleDisplayName = signwphantom;
				INFOPLIST_KEY_NSHumanReadableCopyright = "";
				IPHONEOS_DEPLOYMENT_TARGET = 18.2;
				LD_RUNPATH_SEARCH_PATHS = (
					"$(inherited)",
					"@executable_path/Frameworks",
					"@executable_path/../../Frameworks",
				);
				MARKETING_VERSION = 1.0;
				PRODUCT_BUNDLE_IDENTIFIER = com.napas.napasapp2.signwphantom;
				PRODUCT_NAME = "$(TARGET_NAME)";
				SDKROOT = iphoneos;
				SKIP_INSTALL = YES;
				SWIFT_EMIT_LOC_STRINGS = YES;
				SWIFT_VERSION = 5.0;
				TARGETED_DEVICE_FAMILY = "1,2";
			};
			name = Debug;
		};
		44DD27702D80AC4A00723E61 /* Release */ = {
			isa = XCBuildConfiguration;
			buildSettings = {
				CODE_SIGN_STYLE = Automatic;
				CURRENT_PROJECT_VERSION = 1;
				DEVELOPMENT_TEAM = 8BAG94S3TP;
				GENERATE_INFOPLIST_FILE = YES;
				INFOPLIST_FILE = signwphantom/Info.plist;
				INFOPLIST_KEY_CFBundleDisplayName = signwphantom;
				INFOPLIST_KEY_NSHumanReadableCopyright = "";
				IPHONEOS_DEPLOYMENT_TARGET = 18.2;
				LD_RUNPATH_SEARCH_PATHS = (
					"$(inherited)",
					"@executable_path/Frameworks",
					"@executable_path/../../Frameworks",
				);
				MARKETING_VERSION = 1.0;
				PRODUCT_BUNDLE_IDENTIFIER = com.napas.napasapp2.signwphantom;
				PRODUCT_NAME = "$(TARGET_NAME)";
				SDKROOT = iphoneos;
				SKIP_INSTALL = YES;
				SWIFT_EMIT_LOC_STRINGS = YES;
				SWIFT_VERSION = 5.0;
				TARGETED_DEVICE_FAMILY = "1,2";
				VALIDATE_PRODUCT = YES;
			};
			name = Release;
		};
/* End XCBuildConfiguration section */

/* Begin XCConfigurationList section */
		44DD27262D80997100723E61 /* Build configuration list for PBXProject "napasapp2" */ = {
			isa = XCConfigurationList;
			buildConfigurations = (
				44DD274E2D80997200723E61 /* Debug */,
				44DD274F2D80997200723E61 /* Release */,
			);
			defaultConfigurationIsVisible = 0;
			defaultConfigurationName = Release;
		};
		44DD27502D80997200723E61 /* Build configuration list for PBXNativeTarget "napasapp2" */ = {
			isa = XCConfigurationList;
			buildConfigurations = (
				44DD27512D80997200723E61 /* Debug */,
				44DD27522D80997200723E61 /* Release */,
			);
			defaultConfigurationIsVisible = 0;
			defaultConfigurationName = Release;
		};
		44DD27532D80997200723E61 /* Build configuration list for PBXNativeTarget "napasapp2Tests" */ = {
			isa = XCConfigurationList;
			buildConfigurations = (
				44DD27542D80997200723E61 /* Debug */,
				44DD27552D80997200723E61 /* Release */,
			);
			defaultConfigurationIsVisible = 0;
			defaultConfigurationName = Release;
		};
		44DD27562D80997200723E61 /* Build configuration list for PBXNativeTarget "napasapp2UITests" */ = {
			isa = XCConfigurationList;
			buildConfigurations = (
				44DD27572D80997200723E61 /* Debug */,
				44DD27582D80997200723E61 /* Release */,
			);
			defaultConfigurationIsVisible = 0;
			defaultConfigurationName = Release;
		};
		44DD276E2D80AC4A00723E61 /* Build configuration list for PBXNativeTarget "signwphantom" */ = {
			isa = XCConfigurationList;
			buildConfigurations = (
				44DD276F2D80AC4A00723E61 /* Debug */,
				44DD27702D80AC4A00723E61 /* Release */,
			);
			defaultConfigurationIsVisible = 0;
			defaultConfigurationName = Release;
		};
/* End XCConfigurationList section */
	};
	rootObject = 44DD27232D80997100723E61 /* Project object */;
}
